{
  "name": "urn-docs",
  "version": "1.0.0",
  "lockfileVersion": 1,
  "requires": true,
  "dependencies": {
    "balanced-match": {
      "version": "1.0.0",
      "resolved": "https://registry.npmjs.org/balanced-match/-/balanced-match-1.0.0.tgz",
      "integrity": "sha1-ibTRmasr7kneFk6gK4nORi1xt2c=",
      "dev": true
    },
    "brace-expansion": {
      "version": "1.1.8",
      "resolved": "https://registry.npmjs.org/brace-expansion/-/brace-expansion-1.1.8.tgz",
      "integrity": "sha1-wHshHHyVLsH479Uad+8NHTmQopI=",
      "dev": true,
      "requires": {
        "balanced-match": "1.0.0",
        "concat-map": "0.0.1"
      }
    },
    "clean-css": {
      "version": "4.1.9",
      "resolved": "https://registry.npmjs.org/clean-css/-/clean-css-4.1.9.tgz",
      "integrity": "sha1-Nc7ornaHpJuYA09w3gDE7dOCYwE=",
      "dev": true,
      "requires": {
        "source-map": "0.5.7"
      }
    },
    "clean-css-cli": {
      "version": "4.1.10",
      "resolved": "https://registry.npmjs.org/clean-css-cli/-/clean-css-cli-4.1.10.tgz",
      "integrity": "sha1-g2JMkEY0FCGHXMYKKJSzgvfKDKY=",
      "dev": true,
      "requires": {
        "clean-css": "4.1.9",
        "commander": "2.12.2",
        "glob": "7.1.2"
      }
    },
    "commander": {
      "version": "2.12.2",
      "resolved": "https://registry.npmjs.org/commander/-/commander-2.12.2.tgz",
      "integrity": "sha512-BFnaq5ZOGcDN7FlrtBT4xxkgIToalIIxwjxLWVJ8bGTpe1LroqMiqQXdA7ygc7CRvaYS+9zfPGFnJqFSayx+AA==",
      "dev": true
    },
    "concat-map": {
      "version": "0.0.1",
      "resolved": "https://registry.npmjs.org/concat-map/-/concat-map-0.0.1.tgz",
      "integrity": "sha1-2Klr13/Wjfd5OnMDajug1UBdR3s=",
      "dev": true
    },
    "fs.realpath": {
      "version": "1.0.0",
      "resolved": "https://registry.npmjs.org/fs.realpath/-/fs.realpath-1.0.0.tgz",
      "integrity": "sha1-FQStJSMVjKpA20onh8sBQRmU6k8=",
      "dev": true
    },
    "glob": {
      "version": "7.1.2",
      "resolved": "https://registry.npmjs.org/glob/-/glob-7.1.2.tgz",
      "integrity": "sha512-MJTUg1kjuLeQCJ+ccE4Vpa6kKVXkPYJ2mOCQyUuKLcLQsdrMCpBPUi8qVE6+YuaJkozeA9NusTAw3hLr8Xe5EQ==",
      "dev": true,
      "requires": {
        "fs.realpath": "1.0.0",
        "inflight": "1.0.6",
        "inherits": "2.0.3",
        "minimatch": "3.0.4",
        "once": "1.4.0",
        "path-is-absolute": "1.0.1"
      }
    },
    "inflight": {
      "version": "1.0.6",
      "resolved": "https://registry.npmjs.org/inflight/-/inflight-1.0.6.tgz",
      "integrity": "sha1-Sb1jMdfQLQwJvJEKEHW6gWW1bfk=",
      "dev": true,
      "requires": {
        "once": "1.4.0",
        "wrappy": "1.0.2"
      }
    },
    "inherits": {
      "version": "2.0.3",
      "resolved": "https://registry.npmjs.org/inherits/-/inherits-2.0.3.tgz",
      "integrity": "sha1-Yzwsg+PaQqUC9SRmAiSA9CCCYd4=",
      "dev": true
    },
    "lua.vm.js": {
      "version": "0.0.1",
      "resolved": "https://registry.npmjs.org/lua.vm.js/-/lua.vm.js-0.0.1.tgz",
      "integrity": "sha1-qiuWlrkEPxevmCjUrqzW2bwlacc="
    },
    "minimatch": {
      "version": "3.0.4",
      "resolved": "https://registry.npmjs.org/minimatch/-/minimatch-3.0.4.tgz",
      "integrity": "sha512-yJHVQEhyqPLUTgt9B83PXu6W3rx4MvvHvSUvToogpwoGDOUQ+yDrR0HRot+yOCdCO7u4hX3pWft6kWBBcqh0UA==",
      "dev": true,
      "requires": {
        "brace-expansion": "1.1.8"
      }
    },
    "once": {
      "version": "1.4.0",
      "resolved": "https://registry.npmjs.org/once/-/once-1.4.0.tgz",
      "integrity": "sha1-WDsap3WWHUsROsF9nFC6753Xa9E=",
      "dev": true,
      "requires": {
        "wrappy": "1.0.2"
      }
    },
    "path-is-absolute": {
      "version": "1.0.1",
      "resolved": "https://registry.npmjs.org/path-is-absolute/-/path-is-absolute-1.0.1.tgz",
      "integrity": "sha1-F0uSaHNVNP+8es5r9TpanhtcX18=",
      "dev": true
    },
    "source-map": {
      "version": "0.5.7",
      "resolved": "https://registry.npmjs.org/source-map/-/source-map-0.5.7.tgz",
      "integrity": "sha1-igOdLRAh0i0eoUyA2OpGi6LvP8w=",
      "dev": true
    },
    "uglify-js": {
      "version": "3.3.4",
      "resolved": "https://registry.npmjs.org/uglify-js/-/uglify-js-3.3.4.tgz",
      "integrity": "sha512-hfIwuAQI5dlXP30UtdmWoYF9k+ypVqBXIdmd6ZKBiaNHHvA8ty7ZloMe3+7S5AEKVkxHbjByl4DfRHQ7QpZquw==",
      "dev": true,
      "requires": {
        "commander": "2.12.2",
        "source-map": "0.6.1"
      },
      "dependencies": {
        "source-map": {
          "version": "0.6.1",
          "resolved": "https://registry.npmjs.org/source-map/-/source-map-0.6.1.tgz",
          "integrity": "sha512-UjgapumWlbMhkBgzT7Ykc5YXUT46F0iKu8SGXq0bcwP5dz/h0Plj6enJqjz1Zbq2l5WaqYnrVbwWOWMyF3F47g==",
          "dev": true
        }
      }
    },
    "wrappy": {
      "version": "1.0.2",
      "resolved": "https://registry.npmjs.org/wrappy/-/wrappy-1.0.2.tgz",
      "integrity": "sha1-tSQ9jz7BqjXxNkYFvA0QNuMKtp8=",
      "dev": true
    }
  }
}
